Microsoft Visual Studio Solution File, Format Version 12.00
# Visual Studio Version 17
VisualStudioVersion = 17.5.2.0
MinimumVisualStudioVersion = 10.0.40219.1
Project("{FAE04EC0-301F-11D3-BF4B-00C04F79EFBC}") = "ceng 382 new", "ceng 382 new.csproj", "{349A58A1-DEEF-1DCF-C492-669DC968566A}"
EndProject
Global
	GlobalSection(SolutionConfigurationPlatforms) = preSolution
		Debug|Any CPU = Debug|Any CPU
		Release|Any CPU = Release|Any CPU
	EndGlobalSection
	GlobalSection(ProjectConfigurationPlatforms) = postSolution
		{349A58A1-DEEF-1DCF-C492-669DC968566A}.Debug|Any CPU.ActiveCfg = Debug|Any CPU
		{349A58A1-DEEF-1DCF-C492-669DC968566A}.Debug|Any CPU.Build.0 = Debug|Any CPU
		{349A58A1-DEEF-1DCF-C492-669DC968566A}.Release|Any CPU.ActiveCfg = Release|Any CPU
		{349A58A1-DEEF-1DCF-C492-669DC968566A}.Release|Any CPU.Build.0 = Release|Any CPU
	EndGlobalSection
	GlobalSection(SolutionProperties) = preSolution
		HideSolutionNode = FALSE
	EndGlobalSection
	GlobalSection(ExtensibilityGlobals) = postSolution
		SolutionGuid = {1659645A-0EF4-4196-8A65-C527E60E1450}
	EndGlobalSection
EndGlobal
